
Microsoft Visual Studio Solution File, Format Version 12.00
# Visual Studio 14
VisualStudioVersion = 14.0.23107.0
MinimumVisualStudioVersion = 10.0.40219.1
Project("{FAE04EC0-301F-11D3-BF4B-00C04F79EFBC}") = "3nPlus1", "3nPlus1\3nPlus1.csproj", "{21306EB6-2FF2-4A74-B552-61E77D9FED07}"
EndProject
Global
	GlobalSection(SolutionConfigurationPlatforms) = preSolution
		Debug|Any CPU = Debug|Any CPU
		Release|Any CPU = Release|Any CPU
	EndGlobalSection
	GlobalSection(ProjectConfigurationPlatforms) = postSolution
		{21306EB6-2FF2-4A74-B552-61E77D9FED07}.Debug|Any CPU.ActiveCfg = Debug|Any CPU
		{21306EB6-2FF2-4A74-B552-61E77D9FED07}.Debug|Any CPU.Build.0 = Debug|Any CPU
		{21306EB6-2FF2-4A74-B552-61E77D9FED07}.Release|Any CPU.ActiveCfg = Release|Any CPU
		{21306EB6-2FF2-4A74-B552-61E77D9FED07}.Release|Any CPU.Build.0 = Release|Any CPU
	EndGlobalSection
	GlobalSection(SolutionProperties) = preSolution
		HideSolutionNode = FALSE
	EndGlobalSection
EndGlobal
